// !$*UTF8*$!
{
	archiveVersion = 1;
	classes = {
	};
	objectVersion = 55;
	objects = {

/* Begin PBXBuildFile section */
		0C0EFED70A53A333464DA56E /* Pods_Instagram.framework in Frameworks */ = {isa = PBXBuildFile; fileRef = 1DDC223A23268FB5B405D46C /* Pods_Instagram.framework */; };
		7508BB5F2799A4AF00735A2D /* AppDelegate.swift in Sources */ = {isa = PBXBuildFile; fileRef = 7508BB5E2799A4AF00735A2D /* AppDelegate.swift */; };
		7508BB612799A4AF00735A2D /* SceneDelegate.swift in Sources */ = {isa = PBXBuildFile; fileRef = 7508BB602799A4AF00735A2D /* SceneDelegate.swift */; };
		7508BB632799A4AF00735A2D /* HomeViewController.swift in Sources */ = {isa = PBXBuildFile; fileRef = 7508BB622799A4AF00735A2D /* HomeViewController.swift */; };
		7508BB682799A4B200735A2D /* Assets.xcassets in Resources */ = {isa = PBXBuildFile; fileRef = 7508BB672799A4B200735A2D /* Assets.xcassets */; };
		7508BB6B2799A4B200735A2D /* LaunchScreen.storyboard in Resources */ = {isa = PBXBuildFile; fileRef = 7508BB692799A4B200735A2D /* LaunchScreen.storyboard */; };
		7508BB7A2799E59700735A2D /* ExploreViewController.swift in Sources */ = {isa = PBXBuildFile; fileRef = 7508BB792799E59700735A2D /* ExploreViewController.swift */; };
		7508BB7C2799E5AD00735A2D /* CameraViewController.swift in Sources */ = {isa = PBXBuildFile; fileRef = 7508BB7B2799E5AD00735A2D /* CameraViewController.swift */; };
		7508BB7E2799E5CE00735A2D /* NotificationViewController.swift in Sources */ = {isa = PBXBuildFile; fileRef = 7508BB7D2799E5CE00735A2D /* NotificationViewController.swift */; };
		7508BB802799E5E500735A2D /* ProfileViewController.swift in Sources */ = {isa = PBXBuildFile; fileRef = 7508BB7F2799E5E500735A2D /* ProfileViewController.swift */; };
		7508BB822799E62900735A2D /* TabBarViewController.swift in Sources */ = {isa = PBXBuildFile; fileRef = 7508BB812799E62900735A2D /* TabBarViewController.swift */; };
		7508BB852799E9D700735A2D /* SignInViewController.swift in Sources */ = {isa = PBXBuildFile; fileRef = 7508BB842799E9D700735A2D /* SignInViewController.swift */; };
		7508BB872799EA2100735A2D /* SignUpViewController.swift in Sources */ = {isa = PBXBuildFile; fileRef = 7508BB862799EA2100735A2D /* SignUpViewController.swift */; };
		7508BB892799EA3D00735A2D /* CaptionViewController.swift in Sources */ = {isa = PBXBuildFile; fileRef = 7508BB882799EA3D00735A2D /* CaptionViewController.swift */; };
		7508BB8B2799EA5000735A2D /* ListViewController.swift in Sources */ = {isa = PBXBuildFile; fileRef = 7508BB8A2799EA5000735A2D /* ListViewController.swift */; };
		7508BB8D2799EA5D00735A2D /* PostViewController.swift in Sources */ = {isa = PBXBuildFile; fileRef = 7508BB8C2799EA5D00735A2D /* PostViewController.swift */; };
		7508BB8F2799EA6B00735A2D /* SettingsViewController.swift in Sources */ = {isa = PBXBuildFile; fileRef = 7508BB8E2799EA6B00735A2D /* SettingsViewController.swift */; };
		7508BB912799EAA100735A2D /* User.swift in Sources */ = {isa = PBXBuildFile; fileRef = 7508BB902799EAA100735A2D /* User.swift */; };
		7508BB932799EAAD00735A2D /* Post.swift in Sources */ = {isa = PBXBuildFile; fileRef = 7508BB922799EAAD00735A2D /* Post.swift */; };
		7508BB952799EAC500735A2D /* Relationship.swift in Sources */ = {isa = PBXBuildFile; fileRef = 7508BB942799EAC500735A2D /* Relationship.swift */; };
		7508BB972799EADD00735A2D /* Notification.swift in Sources */ = {isa = PBXBuildFile; fileRef = 7508BB962799EADD00735A2D /* Notification.swift */; };
		7508BB992799EAED00735A2D /* AuthManager.swift in Sources */ = {isa = PBXBuildFile; fileRef = 7508BB982799EAED00735A2D /* AuthManager.swift */; };
		7508BB9B2799EB0300735A2D /* DatabaseManager.swift in Sources */ = {isa = PBXBuildFile; fileRef = 7508BB9A2799EB0300735A2D /* DatabaseManager.swift */; };
		7508BB9D2799EB1100735A2D /* StorageManager.swift in Sources */ = {isa = PBXBuildFile; fileRef = 7508BB9C2799EB1100735A2D /* StorageManager.swift */; };
		7508BB9F2799EB2E00735A2D /* AnalyticsManager.swift in Sources */ = {isa = PBXBuildFile; fileRef = 7508BB9E2799EB2E00735A2D /* AnalyticsManager.swift */; };
		7508BBA12799EB3F00735A2D /* HapticManager.swift in Sources */ = {isa = PBXBuildFile; fileRef = 7508BBA02799EB3F00735A2D /* HapticManager.swift */; };
		7508BBA32799EDC900735A2D /* GoogleService-Info.plist in Resources */ = {isa = PBXBuildFile; fileRef = 7508BBA22799EDC900735A2D /* GoogleService-Info.plist */; };
		75116A4627AD434800BA0086 /* PostEditViewController.swift in Sources */ = {isa = PBXBuildFile; fileRef = 75116A4527AD434800BA0086 /* PostEditViewController.swift */; };
		75116A4827AD4B6D00BA0086 /* PhotoCollectionViewCell.swift in Sources */ = {isa = PBXBuildFile; fileRef = 75116A4727AD4B6D00BA0086 /* PhotoCollectionViewCell.swift */; };
		751A96FD279ED0220021F4C5 /* IGTextField.swift in Sources */ = {isa = PBXBuildFile; fileRef = 751A96FC279ED0220021F4C5 /* IGTextField.swift */; };
		751A96FF27A40B4D0021F4C5 /* PosterCollectionViewCellViewModel.swift in Sources */ = {isa = PBXBuildFile; fileRef = 751A96FE27A40B4D0021F4C5 /* PosterCollectionViewCellViewModel.swift */; };
		751A970127A40B9A0021F4C5 /* PostCollectionViewCellViewModel.swift in Sources */ = {isa = PBXBuildFile; fileRef = 751A970027A40B9A0021F4C5 /* PostCollectionViewCellViewModel.swift */; };
		751A970327A40BE20021F4C5 /* PostActionCollectionViewCellViewModel.swift in Sources */ = {isa = PBXBuildFile; fileRef = 751A970227A40BE20021F4C5 /* PostActionCollectionViewCellViewModel.swift */; };
		751A970527A40C220021F4C5 /* PostLikesCollectionViewCellViewModel.swift in Sources */ = {isa = PBXBuildFile; fileRef = 751A970427A40C220021F4C5 /* PostLikesCollectionViewCellViewModel.swift */; };
		751A970727A40C8F0021F4C5 /* PostCaptionCollectionViewCellViewModel.swift in Sources */ = {isa = PBXBuildFile; fileRef = 751A970627A40C8F0021F4C5 /* PostCaptionCollectionViewCellViewModel.swift */; };
		751A970927A40CC70021F4C5 /* PostDateTimeCollectionViewCellViewModel.swift in Sources */ = {isa = PBXBuildFile; fileRef = 751A970827A40CC70021F4C5 /* PostDateTimeCollectionViewCellViewModel.swift */; };
		751A970B27A40D780021F4C5 /* HomeFeedCellType.swift in Sources */ = {isa = PBXBuildFile; fileRef = 751A970A27A40D780021F4C5 /* HomeFeedCellType.swift */; };
		751A970E27A421DE0021F4C5 /* PosterCollectionViewCell.swift in Sources */ = {isa = PBXBuildFile; fileRef = 751A970D27A421DE0021F4C5 /* PosterCollectionViewCell.swift */; };
		751A971027A423560021F4C5 /* PostCollectionViewCell.swift in Sources */ = {isa = PBXBuildFile; fileRef = 751A970F27A423560021F4C5 /* PostCollectionViewCell.swift */; };
		751A971227A4239D0021F4C5 /* PostActionsCollectionViewCell.swift in Sources */ = {isa = PBXBuildFile; fileRef = 751A971127A4239D0021F4C5 /* PostActionsCollectionViewCell.swift */; };
		751A971427A423AE0021F4C5 /* PostLikesCollectionViewCell.swift in Sources */ = {isa = PBXBuildFile; fileRef = 751A971327A423AE0021F4C5 /* PostLikesCollectionViewCell.swift */; };
		751A971627A423BF0021F4C5 /* PostCaptionCollectionViewCell.swift in Sources */ = {isa = PBXBuildFile; fileRef = 751A971527A423BF0021F4C5 /* PostCaptionCollectionViewCell.swift */; };
		751A971827A423D70021F4C5 /* PostDateTimeCollectionViewCell.swift in Sources */ = {isa = PBXBuildFile; fileRef = 751A971727A423D70021F4C5 /* PostDateTimeCollectionViewCell.swift */; };
		755AECA227BD1BC000EE2D39 /* NotificationCellType.swift in Sources */ = {isa = PBXBuildFile; fileRef = 755AECA127BD1BC000EE2D39 /* NotificationCellType.swift */; };
		755AECA427BD1BFE00EE2D39 /* NotificationCellViewModel.swift in Sources */ = {isa = PBXBuildFile; fileRef = 755AECA327BD1BFE00EE2D39 /* NotificationCellViewModel.swift */; };
		75C5729027B6648400F2F6E4 /* SearchResultsViewController.swift in Sources */ = {isa = PBXBuildFile; fileRef = 75C5728F27B6648400F2F6E4 /* SearchResultsViewController.swift */; };
		75C5729327B6A12900F2F6E4 /* FollowNotificationTableViewCell.swift in Sources */ = {isa = PBXBuildFile; fileRef = 75C5729227B6A12900F2F6E4 /* FollowNotificationTableViewCell.swift */; };
		75C5729527B6A15D00F2F6E4 /* LikeNotificationTableViewCell.swift in Sources */ = {isa = PBXBuildFile; fileRef = 75C5729427B6A15D00F2F6E4 /* LikeNotificationTableViewCell.swift */; };
		75C5729727B6A18A00F2F6E4 /* CommentNotificationTableViewCell.swift in Sources */ = {isa = PBXBuildFile; fileRef = 75C5729627B6A18A00F2F6E4 /* CommentNotificationTableViewCell.swift */; };
		75C5729927B6A27500F2F6E4 /* NotificationsManager.swift in Sources */ = {isa = PBXBuildFile; fileRef = 75C5729827B6A27500F2F6E4 /* NotificationsManager.swift */; };
		75EC4813279AE753007FF04A /* SignInHeaderView.swift in Sources */ = {isa = PBXBuildFile; fileRef = 75EC4812279AE753007FF04A /* SignInHeaderView.swift */; };
		75EC4815279AE8E2007FF04A /* Extensions.swift in Sources */ = {isa = PBXBuildFile; fileRef = 75EC4814279AE8E2007FF04A /* Extensions.swift */; };
/* End PBXBuildFile section */

/* Begin PBXFileReference section */
		1DDC223A23268FB5B405D46C /* Pods_Instagram.framework */ = {isa = PBXFileReference; explicitFileType = wrapper.framework; includeInIndex = 0; path = Pods_Instagram.framework; sourceTree = BUILT_PRODUCTS_DIR; };
		22B16CB9A2D385C0D8FFC27C /* Pods-Instagram.debug.xcconfig */ = {isa = PBXFileReference; includeInIndex = 1; lastKnownFileType = text.xcconfig; name = "Pods-Instagram.debug.xcconfig"; path = "Target Support Files/Pods-Instagram/Pods-Instagram.debug.xcconfig"; sourceTree = "<group>"; };
		7508BB5B2799A4AF00735A2D /* Instagram.app */ = {isa = PBXFileReference; explicitFileType = wrapper.application; includeInIndex = 0; path = Instagram.app; sourceTree = BUILT_PRODUCTS_DIR; };
		7508BB5E2799A4AF00735A2D /* AppDelegate.swift */ = {isa = PBXFileReference; lastKnownFileType = sourcecode.swift; path = AppDelegate.swift; sourceTree = "<group>"; };
		7508BB602799A4AF00735A2D /* SceneDelegate.swift */ = {isa = PBXFileReference; lastKnownFileType = sourcecode.swift; path = SceneDelegate.swift; sourceTree = "<group>"; };
		7508BB622799A4AF00735A2D /* HomeViewController.swift */ = {isa = PBXFileReference; lastKnownFileType = sourcecode.swift; path = HomeViewController.swift; sourceTree = "<group>"; };
		7508BB672799A4B200735A2D /* Assets.xcassets */ = {isa = PBXFileReference; lastKnownFileType = folder.assetcatalog; path = Assets.xcassets; sourceTree = "<group>"; };
		7508BB6A2799A4B200735A2D /* Base */ = {isa = PBXFileReference; lastKnownFileType = file.storyboard; name = Base; path = Base.lproj/LaunchScreen.storyboard; sourceTree = "<group>"; };
		7508BB6C2799A4B200735A2D /* Info.plist */ = {isa = PBXFileReference; lastKnownFileType = text.plist.xml; path = Info.plist; sourceTree = "<group>"; };
		7508BB792799E59700735A2D /* ExploreViewController.swift */ = {isa = PBXFileReference; lastKnownFileType = sourcecode.swift; path = ExploreViewController.swift; sourceTree = "<group>"; };
		7508BB7B2799E5AD00735A2D /* CameraViewController.swift */ = {isa = PBXFileReference; lastKnownFileType = sourcecode.swift; path = CameraViewController.swift; sourceTree = "<group>"; };
		7508BB7D2799E5CE00735A2D /* NotificationViewController.swift */ = {isa = PBXFileReference; lastKnownFileType = sourcecode.swift; path = NotificationViewController.swift; sourceTree = "<group>"; };
		7508BB7F2799E5E500735A2D /* ProfileViewController.swift */ = {isa = PBXFileReference; lastKnownFileType = sourcecode.swift; path = ProfileViewController.swift; sourceTree = "<group>"; };
		7508BB812799E62900735A2D /* TabBarViewController.swift */ = {isa = PBXFileReference; lastKnownFileType = sourcecode.swift; path = TabBarViewController.swift; sourceTree = "<group>"; };
		7508BB842799E9D700735A2D /* SignInViewController.swift */ = {isa = PBXFileReference; lastKnownFileType = sourcecode.swift; path = SignInViewController.swift; sourceTree = "<group>"; };
		7508BB862799EA2100735A2D /* SignUpViewController.swift */ = {isa = PBXFileReference; lastKnownFileType = sourcecode.swift; path = SignUpViewController.swift; sourceTree = "<group>"; };
		7508BB882799EA3D00735A2D /* CaptionViewController.swift */ = {isa = PBXFileReference; lastKnownFileType = sourcecode.swift; path = CaptionViewController.swift; sourceTree = "<group>"; };
		7508BB8A2799EA5000735A2D /* ListViewController.swift */ = {isa = PBXFileReference; lastKnownFileType = sourcecode.swift; path = ListViewController.swift; sourceTree = "<group>"; };
		7508BB8C2799EA5D00735A2D /* PostViewController.swift */ = {isa = PBXFileReference; lastKnownFileType = sourcecode.swift; path = PostViewController.swift; sourceTree = "<group>"; };
		7508BB8E2799EA6B00735A2D /* SettingsViewController.swift */ = {isa = PBXFileReference; lastKnownFileType = sourcecode.swift; path = SettingsViewController.swift; sourceTree = "<group>"; };
		7508BB902799EAA100735A2D /* User.swift */ = {isa = PBXFileReference; lastKnownFileType = sourcecode.swift; path = User.swift; sourceTree = "<group>"; };
		7508BB922799EAAD00735A2D /* Post.swift */ = {isa = PBXFileReference; lastKnownFileType = sourcecode.swift; path = Post.swift; sourceTree = "<group>"; };
		7508BB942799EAC500735A2D /* Relationship.swift */ = {isa = PBXFileReference; lastKnownFileType = sourcecode.swift; path = Relationship.swift; sourceTree = "<group>"; };
		7508BB962799EADD00735A2D /* Notification.swift */ = {isa = PBXFileReference; lastKnownFileType = sourcecode.swift; path = Notification.swift; sourceTree = "<group>"; };
		7508BB982799EAED00735A2D /* AuthManager.swift */ = {isa = PBXFileReference; lastKnownFileType = sourcecode.swift; path = AuthManager.swift; sourceTree = "<group>"; };
		7508BB9A2799EB0300735A2D /* DatabaseManager.swift */ = {isa = PBXFileReference; lastKnownFileType = sourcecode.swift; path = DatabaseManager.swift; sourceTree = "<group>"; };
		7508BB9C2799EB1100735A2D /* StorageManager.swift */ = {isa = PBXFileReference; lastKnownFileType = sourcecode.swift; path = StorageManager.swift; sourceTree = "<group>"; };
		7508BB9E2799EB2E00735A2D /* AnalyticsManager.swift */ = {isa = PBXFileReference; lastKnownFileType = sourcecode.swift; path = AnalyticsManager.swift; sourceTree = "<group>"; };
		7508BBA02799EB3F00735A2D /* HapticManager.swift */ = {isa = PBXFileReference; lastKnownFileType = sourcecode.swift; path = HapticManager.swift; sourceTree = "<group>"; };
		7508BBA22799EDC900735A2D /* GoogleService-Info.plist */ = {isa = PBXFileReference; fileEncoding = 4; lastKnownFileType = text.plist.xml; path = "GoogleService-Info.plist"; sourceTree = "<group>"; };
		75116A4527AD434800BA0086 /* PostEditViewController.swift */ = {isa = PBXFileReference; lastKnownFileType = sourcecode.swift; path = PostEditViewController.swift; sourceTree = "<group>"; };
		75116A4727AD4B6D00BA0086 /* PhotoCollectionViewCell.swift */ = {isa = PBXFileReference; lastKnownFileType = sourcecode.swift; path = PhotoCollectionViewCell.swift; sourceTree = "<group>"; };
		751A96FC279ED0220021F4C5 /* IGTextField.swift */ = {isa = PBXFileReference; lastKnownFileType = sourcecode.swift; path = IGTextField.swift; sourceTree = "<group>"; };
		751A96FE27A40B4D0021F4C5 /* PosterCollectionViewCellViewModel.swift */ = {isa = PBXFileReference; lastKnownFileType = sourcecode.swift; path = PosterCollectionViewCellViewModel.swift; sourceTree = "<group>"; };
		751A970027A40B9A0021F4C5 /* PostCollectionViewCellViewModel.swift */ = {isa = PBXFileReference; lastKnownFileType = sourcecode.swift; path = PostCollectionViewCellViewModel.swift; sourceTree = "<group>"; };
		751A970227A40BE20021F4C5 /* PostActionCollectionViewCellViewModel.swift */ = {isa = PBXFileReference; lastKnownFileType = sourcecode.swift; path = PostActionCollectionViewCellViewModel.swift; sourceTree = "<group>"; };
		751A970427A40C220021F4C5 /* PostLikesCollectionViewCellViewModel.swift */ = {isa = PBXFileReference; lastKnownFileType = sourcecode.swift; path = PostLikesCollectionViewCellViewModel.swift; sourceTree = "<group>"; };
		751A970627A40C8F0021F4C5 /* PostCaptionCollectionViewCellViewModel.swift */ = {isa = PBXFileReference; lastKnownFileType = sourcecode.swift; path = PostCaptionCollectionViewCellViewModel.swift; sourceTree = "<group>"; };
		751A970827A40CC70021F4C5 /* PostDateTimeCollectionViewCellViewModel.swift */ = {isa = PBXFileReference; lastKnownFileType = sourcecode.swift; path = PostDateTimeCollectionViewCellViewModel.swift; sourceTree = "<group>"; };
		751A970A27A40D780021F4C5 /* HomeFeedCellType.swift */ = {isa = PBXFileReference; lastKnownFileType = sourcecode.swift; path = HomeFeedCellType.swift; sourceTree = "<group>"; };
		751A970D27A421DE0021F4C5 /* PosterCollectionViewCell.swift */ = {isa = PBXFileReference; lastKnownFileType = sourcecode.swift; path = PosterCollectionViewCell.swift; sourceTree = "<group>"; };
		751A970F27A423560021F4C5 /* PostCollectionViewCell.swift */ = {isa = PBXFileReference; lastKnownFileType = sourcecode.swift; path = PostCollectionViewCell.swift; sourceTree = "<group>"; };
		751A971127A4239D0021F4C5 /* PostActionsCollectionViewCell.swift */ = {isa = PBXFileReference; lastKnownFileType = sourcecode.swift; path = PostActionsCollectionViewCell.swift; sourceTree = "<group>"; };
		751A971327A423AE0021F4C5 /* PostLikesCollectionViewCell.swift */ = {isa = PBXFileReference; lastKnownFileType = sourcecode.swift; path = PostLikesCollectionViewCell.swift; sourceTree = "<group>"; };
		751A971527A423BF0021F4C5 /* PostCaptionCollectionViewCell.swift */ = {isa = PBXFileReference; lastKnownFileType = sourcecode.swift; path = PostCaptionCollectionViewCell.swift; sourceTree = "<group>"; };
		751A971727A423D70021F4C5 /* PostDateTimeCollectionViewCell.swift */ = {isa = PBXFileReference; lastKnownFileType = sourcecode.swift; path = PostDateTimeCollectionViewCell.swift; sourceTree = "<group>"; };
		755AECA127BD1BC000EE2D39 /* NotificationCellType.swift */ = {isa = PBXFileReference; lastKnownFileType = sourcecode.swift; path = NotificationCellType.swift; sourceTree = "<group>"; };
		755AECA327BD1BFE00EE2D39 /* NotificationCellViewModel.swift */ = {isa = PBXFileReference; lastKnownFileType = sourcecode.swift; path = NotificationCellViewModel.swift; sourceTree = "<group>"; };
		75C5728F27B6648400F2F6E4 /* SearchResultsViewController.swift */ = {isa = PBXFileReference; lastKnownFileType = sourcecode.swift; path = SearchResultsViewController.swift; sourceTree = "<group>"; };
		75C5729227B6A12900F2F6E4 /* FollowNotificationTableViewCell.swift */ = {isa = PBXFileReference; lastKnownFileType = sourcecode.swift; path = FollowNotificationTableViewCell.swift; sourceTree = "<group>"; };
		75C5729427B6A15D00F2F6E4 /* LikeNotificationTableViewCell.swift */ = {isa = PBXFileReference; lastKnownFileType = sourcecode.swift; path = LikeNotificationTableViewCell.swift; sourceTree = "<group>"; };
		75C5729627B6A18A00F2F6E4 /* CommentNotificationTableViewCell.swift */ = {isa = PBXFileReference; lastKnownFileType = sourcecode.swift; path = CommentNotificationTableViewCell.swift; sourceTree = "<group>"; };
		75C5729827B6A27500F2F6E4 /* NotificationsManager.swift */ = {isa = PBXFileReference; lastKnownFileType = sourcecode.swift; path = NotificationsManager.swift; sourceTree = "<group>"; };
		75EC4812279AE753007FF04A /* SignInHeaderView.swift */ = {isa = PBXFileReference; lastKnownFileType = sourcecode.swift; path = SignInHeaderView.swift; sourceTree = "<group>"; };
		75EC4814279AE8E2007FF04A /* Extensions.swift */ = {isa = PBXFileReference; lastKnownFileType = sourcecode.swift; path = Extensions.swift; sourceTree = "<group>"; };
		9C62943ACF147181D9350C2F /* Pods-Instagram.release.xcconfig */ = {isa = PBXFileReference; includeInIndex = 1; lastKnownFileType = text.xcconfig; name = "Pods-Instagram.release.xcconfig"; path = "Target Support Files/Pods-Instagram/Pods-Instagram.release.xcconfig"; sourceTree = "<group>"; };
/* End PBXFileReference section */

/* Begin PBXFrameworksBuildPhase section */
		7508BB582799A4AF00735A2D /* Frameworks */ = {
			isa = PBXFrameworksBuildPhase;
			buildActionMask = 2147483647;
			files = (
				0C0EFED70A53A333464DA56E /* Pods_Instagram.framework in Frameworks */,
			);
			runOnlyForDeploymentPostprocessing = 0;
		};
/* End PBXFrameworksBuildPhase section */

/* Begin PBXGroup section */
		4DEE1756B227DCF07ED4BA9B /* Pods */ = {
			isa = PBXGroup;
			children = (
				22B16CB9A2D385C0D8FFC27C /* Pods-Instagram.debug.xcconfig */,
				9C62943ACF147181D9350C2F /* Pods-Instagram.release.xcconfig */,
			);
			path = Pods;
			sourceTree = "<group>";
		};
		7508BB522799A4AF00735A2D = {
			isa = PBXGroup;
			children = (
				7508BB5D2799A4AF00735A2D /* Instagram */,
				7508BB5C2799A4AF00735A2D /* Products */,
				4DEE1756B227DCF07ED4BA9B /* Pods */,
				D44E7C1C50077BC6373C7C7B /* Frameworks */,
			);
			sourceTree = "<group>";
		};
		7508BB5C2799A4AF00735A2D /* Products */ = {
			isa = PBXGroup;
			children = (
				7508BB5B2799A4AF00735A2D /* Instagram.app */,
			);
			name = Products;
			sourceTree = "<group>";
		};
		7508BB5D2799A4AF00735A2D /* Instagram */ = {
			isa = PBXGroup;
			children = (
				7508BB772799E04A00735A2D /* Resources */,
				7508BB762799E03C00735A2D /* Managers */,
				7508BB752799E03300735A2D /* ViewModels */,
				7508BB732799E01400735A2D /* Models */,
				7508BB742799E01F00735A2D /* Views */,
				7508BB722799E00800735A2D /* Controllers */,
				7508BB6C2799A4B200735A2D /* Info.plist */,
			);
			path = Instagram;
			sourceTree = "<group>";
		};
		7508BB722799E00800735A2D /* Controllers */ = {
			isa = PBXGroup;
			children = (
				7508BB832799E9BD00735A2D /* Other */,
				7508BB782799E55600735A2D /* Core */,
			);
			path = Controllers;
			sourceTree = "<group>";
		};
		7508BB732799E01400735A2D /* Models */ = {
			isa = PBXGroup;
			children = (
				7508BB902799EAA100735A2D /* User.swift */,
				7508BB922799EAAD00735A2D /* Post.swift */,
				7508BB942799EAC500735A2D /* Relationship.swift */,
				7508BB962799EADD00735A2D /* Notification.swift */,
				751A970A27A40D780021F4C5 /* HomeFeedCellType.swift */,
				755AECA127BD1BC000EE2D39 /* NotificationCellType.swift */,
			);
			path = Models;
			sourceTree = "<group>";
		};
		7508BB742799E01F00735A2D /* Views */ = {
			isa = PBXGroup;
			children = (
				75C5729127B6A0FF00F2F6E4 /* Notification Cells */,
				751A970C27A420D40021F4C5 /* Home Cells */,
				7508BB692799A4B200735A2D /* LaunchScreen.storyboard */,
				75EC4812279AE753007FF04A /* SignInHeaderView.swift */,
				751A96FC279ED0220021F4C5 /* IGTextField.swift */,
				75116A4727AD4B6D00BA0086 /* PhotoCollectionViewCell.swift */,
			);
			path = Views;
			sourceTree = "<group>";
		};
		7508BB752799E03300735A2D /* ViewModels */ = {
			isa = PBXGroup;
			children = (
				751A96FE27A40B4D0021F4C5 /* PosterCollectionViewCellViewModel.swift */,
				751A970027A40B9A0021F4C5 /* PostCollectionViewCellViewModel.swift */,
				751A970227A40BE20021F4C5 /* PostActionCollectionViewCellViewModel.swift */,
				751A970427A40C220021F4C5 /* PostLikesCollectionViewCellViewModel.swift */,
				751A970627A40C8F0021F4C5 /* PostCaptionCollectionViewCellViewModel.swift */,
				751A970827A40CC70021F4C5 /* PostDateTimeCollectionViewCellViewModel.swift */,
				755AECA327BD1BFE00EE2D39 /* NotificationCellViewModel.swift */,
			);
			path = ViewModels;
			sourceTree = "<group>";
		};
		7508BB762799E03C00735A2D /* Managers */ = {
			isa = PBXGroup;
			children = (
				7508BB982799EAED00735A2D /* AuthManager.swift */,
				7508BB9A2799EB0300735A2D /* DatabaseManager.swift */,
				7508BB9C2799EB1100735A2D /* StorageManager.swift */,
				7508BB9E2799EB2E00735A2D /* AnalyticsManager.swift */,
				7508BBA02799EB3F00735A2D /* HapticManager.swift */,
				75C5729827B6A27500F2F6E4 /* NotificationsManager.swift */,
			);
			path = Managers;
			sourceTree = "<group>";
		};
		7508BB772799E04A00735A2D /* Resources */ = {
			isa = PBXGroup;
			children = (
				7508BB5E2799A4AF00735A2D /* AppDelegate.swift */,
				7508BBA22799EDC900735A2D /* GoogleService-Info.plist */,
				7508BB602799A4AF00735A2D /* SceneDelegate.swift */,
				7508BB672799A4B200735A2D /* Assets.xcassets */,
				75EC4814279AE8E2007FF04A /* Extensions.swift */,
			);
			path = Resources;
			sourceTree = "<group>";
		};
		7508BB782799E55600735A2D /* Core */ = {
			isa = PBXGroup;
			children = (
				7508BB792799E59700735A2D /* ExploreViewController.swift */,
				7508BB622799A4AF00735A2D /* HomeViewController.swift */,
				7508BB7B2799E5AD00735A2D /* CameraViewController.swift */,
				7508BB7D2799E5CE00735A2D /* NotificationViewController.swift */,
				7508BB7F2799E5E500735A2D /* ProfileViewController.swift */,
				7508BB812799E62900735A2D /* TabBarViewController.swift */,
			);
			name = Core;
			sourceTree = "<group>";
		};
		7508BB832799E9BD00735A2D /* Other */ = {
			isa = PBXGroup;
			children = (
				7508BB842799E9D700735A2D /* SignInViewController.swift */,
				7508BB862799EA2100735A2D /* SignUpViewController.swift */,
				7508BB882799EA3D00735A2D /* CaptionViewController.swift */,
				7508BB8A2799EA5000735A2D /* ListViewController.swift */,
				7508BB8C2799EA5D00735A2D /* PostViewController.swift */,
				7508BB8E2799EA6B00735A2D /* SettingsViewController.swift */,
				75116A4527AD434800BA0086 /* PostEditViewController.swift */,
				75C5728F27B6648400F2F6E4 /* SearchResultsViewController.swift */,
			);
			name = Other;
			sourceTree = "<group>";
		};
		751A970C27A420D40021F4C5 /* Home Cells */ = {
			isa = PBXGroup;
			children = (
				751A970D27A421DE0021F4C5 /* PosterCollectionViewCell.swift */,
				751A970F27A423560021F4C5 /* PostCollectionViewCell.swift */,
				751A971127A4239D0021F4C5 /* PostActionsCollectionViewCell.swift */,
				751A971327A423AE0021F4C5 /* PostLikesCollectionViewCell.swift */,
				751A971527A423BF0021F4C5 /* PostCaptionCollectionViewCell.swift */,
				751A971727A423D70021F4C5 /* PostDateTimeCollectionViewCell.swift */,
			);
			path = "Home Cells";
			sourceTree = "<group>";
		};
		75C5729127B6A0FF00F2F6E4 /* Notification Cells */ = {
			isa = PBXGroup;
			children = (
				75C5729227B6A12900F2F6E4 /* FollowNotificationTableViewCell.swift */,
				75C5729427B6A15D00F2F6E4 /* LikeNotificationTableViewCell.swift */,
				75C5729627B6A18A00F2F6E4 /* CommentNotificationTableViewCell.swift */,
			);
			path = "Notification Cells";
			sourceTree = "<group>";
		};
		D44E7C1C50077BC6373C7C7B /* Frameworks */ = {
			isa = PBXGroup;
			children = (
				1DDC223A23268FB5B405D46C /* Pods_Instagram.framework */,
			);
			name = Frameworks;
			sourceTree = "<group>";
		};
/* End PBXGroup section */

/* Begin PBXNativeTarget section */
		7508BB5A2799A4AF00735A2D /* Instagram */ = {
			isa = PBXNativeTarget;
			buildConfigurationList = 7508BB6F2799A4B200735A2D /* Build configuration list for PBXNativeTarget "Instagram" */;
			buildPhases = (
				281419E18A842D985125444D /* [CP] Check Pods Manifest.lock */,
				7508BB572799A4AF00735A2D /* Sources */,
				7508BB582799A4AF00735A2D /* Frameworks */,
				7508BB592799A4AF00735A2D /* Resources */,
				0B5FC4ADD358377CFEF1EB1F /* [CP] Embed Pods Frameworks */,
			);
			buildRules = (
			);
			dependencies = (
			);
			name = Instagram;
			productName = Instagram;
			productReference = 7508BB5B2799A4AF00735A2D /* Instagram.app */;
			productType = "com.apple.product-type.application";
		};
/* End PBXNativeTarget section */

/* Begin PBXProject section */
		7508BB532799A4AF00735A2D /* Project object */ = {
			isa = PBXProject;
			attributes = {
				BuildIndependentTargetsInParallel = 1;
				LastSwiftUpdateCheck = 1320;
				LastUpgradeCheck = 1320;
				TargetAttributes = {
					7508BB5A2799A4AF00735A2D = {
						CreatedOnToolsVersion = 13.2.1;
					};
				};
			};
			buildConfigurationList = 7508BB562799A4AF00735A2D /* Build configuration list for PBXProject "Instagram" */;
			compatibilityVersion = "Xcode 13.0";
			developmentRegion = en;
			hasScannedForEncodings = 0;
			knownRegions = (
				en,
				Base,
			);
			mainGroup = 7508BB522799A4AF00735A2D;
			productRefGroup = 7508BB5C2799A4AF00735A2D /* Products */;
			projectDirPath = "";
			projectRoot = "";
			targets = (
				7508BB5A2799A4AF00735A2D /* Instagram */,
			);
		};
/* End PBXProject section */

/* Begin PBXResourcesBuildPhase section */
		7508BB592799A4AF00735A2D /* Resources */ = {
			isa = PBXResourcesBuildPhase;
			buildActionMask = 2147483647;
			files = (
				7508BB6B2799A4B200735A2D /* LaunchScreen.storyboard in Resources */,
				7508BB682799A4B200735A2D /* Assets.xcassets in Resources */,
				7508BBA32799EDC900735A2D /* GoogleService-Info.plist in Resources */,
			);
			runOnlyForDeploymentPostprocessing = 0;
		};
/* End PBXResourcesBuildPhase section */

/* Begin PBXShellScriptBuildPhase section */
		0B5FC4ADD358377CFEF1EB1F /* [CP] Embed Pods Frameworks */ = {
			isa = PBXShellScriptBuildPhase;
			buildActionMask = 2147483647;
			files = (
			);
			inputFileListPaths = (
				"${PODS_ROOT}/Target Support Files/Pods-Instagram/Pods-Instagram-frameworks-${CONFIGURATION}-input-files.xcfilelist",
			);
			name = "[CP] Embed Pods Frameworks";
			outputFileListPaths = (
				"${PODS_ROOT}/Target Support Files/Pods-Instagram/Pods-Instagram-frameworks-${CONFIGURATION}-output-files.xcfilelist",
			);
			runOnlyForDeploymentPostprocessing = 0;
			shellPath = /bin/sh;
			shellScript = "\"${PODS_ROOT}/Target Support Files/Pods-Instagram/Pods-Instagram-frameworks.sh\"\n";
			showEnvVarsInLog = 0;
		};
		281419E18A842D985125444D /* [CP] Check Pods Manifest.lock */ = {
			isa = PBXShellScriptBuildPhase;
			buildActionMask = 2147483647;
			files = (
			);
			inputFileListPaths = (
			);
			inputPaths = (
				"${PODS_PODFILE_DIR_PATH}/Podfile.lock",
				"${PODS_ROOT}/Manifest.lock",
			);
			name = "[CP] Check Pods Manifest.lock";
			outputFileListPaths = (
			);
			outputPaths = (
				"$(DERIVED_FILE_DIR)/Pods-Instagram-checkManifestLockResult.txt",
			);
			runOnlyForDeploymentPostprocessing = 0;
			shellPath = /bin/sh;
			shellScript = "diff \"${PODS_PODFILE_DIR_PATH}/Podfile.lock\" \"${PODS_ROOT}/Manifest.lock\" > /dev/null\nif [ $? != 0 ] ; then\n    # print error to STDERR\n    echo \"error: The sandbox is not in sync with the Podfile.lock. Run 'pod install' or update your CocoaPods installation.\" >&2\n    exit 1\nfi\n# This output is used by Xcode 'outputs' to avoid re-running this script phase.\necho \"SUCCESS\" > \"${SCRIPT_OUTPUT_FILE_0}\"\n";
			showEnvVarsInLog = 0;
		};
/* End PBXShellScriptBuildPhase section */

/* Begin PBXSourcesBuildPhase section */
		7508BB572799A4AF00735A2D /* Sources */ = {
			isa = PBXSourcesBuildPhase;
			buildActionMask = 2147483647;
			files = (
				7508BB892799EA3D00735A2D /* CaptionViewController.swift in Sources */,
				751A971427A423AE0021F4C5 /* PostLikesCollectionViewCell.swift in Sources */,
				7508BB822799E62900735A2D /* TabBarViewController.swift in Sources */,
				7508BB972799EADD00735A2D /* Notification.swift in Sources */,
				75C5729927B6A27500F2F6E4 /* NotificationsManager.swift in Sources */,
				7508BB9D2799EB1100735A2D /* StorageManager.swift in Sources */,
				755AECA227BD1BC000EE2D39 /* NotificationCellType.swift in Sources */,
				7508BB8B2799EA5000735A2D /* ListViewController.swift in Sources */,
				751A971027A423560021F4C5 /* PostCollectionViewCell.swift in Sources */,
				75C5729727B6A18A00F2F6E4 /* CommentNotificationTableViewCell.swift in Sources */,
				7508BB8D2799EA5D00735A2D /* PostViewController.swift in Sources */,
				75C5729327B6A12900F2F6E4 /* FollowNotificationTableViewCell.swift in Sources */,
				7508BB7A2799E59700735A2D /* ExploreViewController.swift in Sources */,
				751A971227A4239D0021F4C5 /* PostActionsCollectionViewCell.swift in Sources */,
				7508BB7C2799E5AD00735A2D /* CameraViewController.swift in Sources */,
				7508BB9F2799EB2E00735A2D /* AnalyticsManager.swift in Sources */,
				7508BB7E2799E5CE00735A2D /* NotificationViewController.swift in Sources */,
				7508BB872799EA2100735A2D /* SignUpViewController.swift in Sources */,
				751A96FF27A40B4D0021F4C5 /* PosterCollectionViewCellViewModel.swift in Sources */,
				7508BB912799EAA100735A2D /* User.swift in Sources */,
				7508BB632799A4AF00735A2D /* HomeViewController.swift in Sources */,
				751A970927A40CC70021F4C5 /* PostDateTimeCollectionViewCellViewModel.swift in Sources */,
				75C5729027B6648400F2F6E4 /* SearchResultsViewController.swift in Sources */,
				75EC4813279AE753007FF04A /* SignInHeaderView.swift in Sources */,
				7508BB8F2799EA6B00735A2D /* SettingsViewController.swift in Sources */,
				751A96FD279ED0220021F4C5 /* IGTextField.swift in Sources */,
				751A970127A40B9A0021F4C5 /* PostCollectionViewCellViewModel.swift in Sources */,
				751A970B27A40D780021F4C5 /* HomeFeedCellType.swift in Sources */,
				751A970527A40C220021F4C5 /* PostLikesCollectionViewCellViewModel.swift in Sources */,
				755AECA427BD1BFE00EE2D39 /* NotificationCellViewModel.swift in Sources */,
				7508BB9B2799EB0300735A2D /* DatabaseManager.swift in Sources */,
				7508BB952799EAC500735A2D /* Relationship.swift in Sources */,
				75116A4627AD434800BA0086 /* PostEditViewController.swift in Sources */,
				75C5729527B6A15D00F2F6E4 /* LikeNotificationTableViewCell.swift in Sources */,
				7508BB932799EAAD00735A2D /* Post.swift in Sources */,
				751A970727A40C8F0021F4C5 /* PostCaptionCollectionViewCellViewModel.swift in Sources */,
				7508BBA12799EB3F00735A2D /* HapticManager.swift in Sources */,
				751A970327A40BE20021F4C5 /* PostActionCollectionViewCellViewModel.swift in Sources */,
				7508BB992799EAED00735A2D /* AuthManager.swift in Sources */,
				75EC4815279AE8E2007FF04A /* Extensions.swift in Sources */,
				751A971827A423D70021F4C5 /* PostDateTimeCollectionViewCell.swift in Sources */,
				7508BB802799E5E500735A2D /* ProfileViewController.swift in Sources */,
				75116A4827AD4B6D00BA0086 /* PhotoCollectionViewCell.swift in Sources */,
				7508BB852799E9D700735A2D /* SignInViewController.swift in Sources */,
				751A970E27A421DE0021F4C5 /* PosterCollectionViewCell.swift in Sources */,
				7508BB5F2799A4AF00735A2D /* AppDelegate.swift in Sources */,
				7508BB612799A4AF00735A2D /* SceneDelegate.swift in Sources */,
				751A971627A423BF0021F4C5 /* PostCaptionCollectionViewCell.swift in Sources */,
			);
			runOnlyForDeploymentPostprocessing = 0;
		};
/* End PBXSourcesBuildPhase section */

/* Begin PBXVariantGroup section */
		7508BB692799A4B200735A2D /* LaunchScreen.storyboard */ = {
			isa = PBXVariantGroup;
			children = (
				7508BB6A2799A4B200735A2D /* Base */,
			);
			name = LaunchScreen.storyboard;
			sourceTree = "<group>";
		};
/* End PBXVariantGroup section */

/* Begin XCBuildConfiguration section */
		7508BB6D2799A4B200735A2D /* Debug */ = {
			isa = XCBuildConfiguration;
			buildSettings = {
				ALWAYS_SEARCH_USER_PATHS = NO;
				CLANG_ANALYZER_NONNULL = YES;
				CLANG_ANALYZER_NUMBER_OBJECT_CONVERSION = YES_AGGRESSIVE;
				CLANG_CXX_LANGUAGE_STANDARD = "gnu++17";
				CLANG_CXX_LIBRARY = "libc++";
				CLANG_ENABLE_MODULES = YES;
				CLANG_ENABLE_OBJC_ARC = YES;
				CLANG_ENABLE_OBJC_WEAK = YES;
				CLANG_WARN_BLOCK_CAPTURE_AUTORELEASING = YES;
				CLANG_WARN_BOOL_CONVERSION = YES;
				CLANG_WARN_COMMA = YES;
				CLANG_WARN_CONSTANT_CONVERSION = YES;
				CLANG_WARN_DEPRECATED_OBJC_IMPLEMENTATIONS = YES;
				CLANG_WARN_DIRECT_OBJC_ISA_USAGE = YES_ERROR;
				CLANG_WARN_DOCUMENTATION_COMMENTS = YES;
				CLANG_WARN_EMPTY_BODY = YES;
				CLANG_WARN_ENUM_CONVERSION = YES;
				CLANG_WARN_INFINITE_RECURSION = YES;
				CLANG_WARN_INT_CONVERSION = YES;
				CLANG_WARN_NON_LITERAL_NULL_CONVERSION = YES;
				CLANG_WARN_OBJC_IMPLICIT_RETAIN_SELF = YES;
				CLANG_WARN_OBJC_LITERAL_CONVERSION = YES;
				CLANG_WARN_OBJC_ROOT_CLASS = YES_ERROR;
				CLANG_WARN_QUOTED_INCLUDE_IN_FRAMEWORK_HEADER = YES;
				CLANG_WARN_RANGE_LOOP_ANALYSIS = YES;
				CLANG_WARN_STRICT_PROTOTYPES = YES;
				CLANG_WARN_SUSPICIOUS_MOVE = YES;
				CLANG_WARN_UNGUARDED_AVAILABILITY = YES_AGGRESSIVE;
				CLANG_WARN_UNREACHABLE_CODE = YES;
				CLANG_WARN__DUPLICATE_METHOD_MATCH = YES;
				COPY_PHASE_STRIP = NO;
				DEBUG_INFORMATION_FORMAT = dwarf;
				ENABLE_STRICT_OBJC_MSGSEND = YES;
				ENABLE_TESTABILITY = YES;
				GCC_C_LANGUAGE_STANDARD = gnu11;
				GCC_DYNAMIC_NO_PIC = NO;
				GCC_NO_COMMON_BLOCKS = YES;
				GCC_OPTIMIZATION_LEVEL = 0;
				GCC_PREPROCESSOR_DEFINITIONS = (
					"DEBUG=1",
					"$(inherited)",
				);
				GCC_WARN_64_TO_32_BIT_CONVERSION = YES;
				GCC_WARN_ABOUT_RETURN_TYPE = YES_ERROR;
				GCC_WARN_UNDECLARED_SELECTOR = YES;
				GCC_WARN_UNINITIALIZED_AUTOS = YES_AGGRESSIVE;
				GCC_WARN_UNUSED_FUNCTION = YES;
				GCC_WARN_UNUSED_VARIABLE = YES;
				IPHONEOS_DEPLOYMENT_TARGET = 15.2;
				MTL_ENABLE_DEBUG_INFO = INCLUDE_SOURCE;
				MTL_FAST_MATH = YES;
				ONLY_ACTIVE_ARCH = YES;
				SDKROOT = iphoneos;
				SWIFT_ACTIVE_COMPILATION_CONDITIONS = DEBUG;
				SWIFT_OPTIMIZATION_LEVEL = "-Onone";
			};
			name = Debug;
		};
		7508BB6E2799A4B200735A2D /* Release */ = {
			isa = XCBuildConfiguration;
			buildSettings = {
				ALWAYS_SEARCH_USER_PATHS = NO;
				CLANG_ANALYZER_NONNULL = YES;
				CLANG_ANALYZER_NUMBER_OBJECT_CONVERSION = YES_AGGRESSIVE;
				CLANG_CXX_LANGUAGE_STANDARD = "gnu++17";
				CLANG_CXX_LIBRARY = "libc++";
				CLANG_ENABLE_MODULES = YES;
				CLANG_ENABLE_OBJC_ARC = YES;
				CLANG_ENABLE_OBJC_WEAK = YES;
				CLANG_WARN_BLOCK_CAPTURE_AUTORELEASING = YES;
				CLANG_WARN_BOOL_CONVERSION = YES;
				CLANG_WARN_COMMA = YES;
				CLANG_WARN_CONSTANT_CONVERSION = YES;
				CLANG_WARN_DEPRECATED_OBJC_IMPLEMENTATIONS = YES;
				CLANG_WARN_DIRECT_OBJC_ISA_USAGE = YES_ERROR;
				CLANG_WARN_DOCUMENTATION_COMMENTS = YES;
				CLANG_WARN_EMPTY_BODY = YES;
				CLANG_WARN_ENUM_CONVERSION = YES;
				CLANG_WARN_INFINITE_RECURSION = YES;
				CLANG_WARN_INT_CONVERSION = YES;
				CLANG_WARN_NON_LITERAL_NULL_CONVERSION = YES;
				CLANG_WARN_OBJC_IMPLICIT_RETAIN_SELF = YES;
				CLANG_WARN_OBJC_LITERAL_CONVERSION = YES;
				CLANG_WARN_OBJC_ROOT_CLASS = YES_ERROR;
				CLANG_WARN_QUOTED_INCLUDE_IN_FRAMEWORK_HEADER = YES;
				CLANG_WARN_RANGE_LOOP_ANALYSIS = YES;
				CLANG_WARN_STRICT_PROTOTYPES = YES;
				CLANG_WARN_SUSPICIOUS_MOVE = YES;
				CLANG_WARN_UNGUARDED_AVAILABILITY = YES_AGGRESSIVE;
				CLANG_WARN_UNREACHABLE_CODE = YES;
				CLANG_WARN__DUPLICATE_METHOD_MATCH = YES;
				COPY_PHASE_STRIP = NO;
				DEBUG_INFORMATION_FORMAT = "dwarf-with-dsym";
				ENABLE_NS_ASSERTIONS = NO;
				ENABLE_STRICT_OBJC_MSGSEND = YES;
				GCC_C_LANGUAGE_STANDARD = gnu11;
				GCC_NO_COMMON_BLOCKS = YES;
				GCC_WARN_64_TO_32_BIT_CONVERSION = YES;
				GCC_WARN_ABOUT_RETURN_TYPE = YES_ERROR;
				GCC_WARN_UNDECLARED_SELECTOR = YES;
				GCC_WARN_UNINITIALIZED_AUTOS = YES_AGGRESSIVE;
				GCC_WARN_UNUSED_FUNCTION = YES;
				GCC_WARN_UNUSED_VARIABLE = YES;
				IPHONEOS_DEPLOYMENT_TARGET = 15.2;
				MTL_ENABLE_DEBUG_INFO = NO;
				MTL_FAST_MATH = YES;
				SDKROOT = iphoneos;
				SWIFT_COMPILATION_MODE = wholemodule;
				SWIFT_OPTIMIZATION_LEVEL = "-O";
				VALIDATE_PRODUCT = YES;
			};
			name = Release;
		};
		7508BB702799A4B200735A2D /* Debug */ = {
			isa = XCBuildConfiguration;
			baseConfigurationReference = 22B16CB9A2D385C0D8FFC27C /* Pods-Instagram.debug.xcconfig */;
			buildSettings = {
				ASSETCATALOG_COMPILER_APPICON_NAME = AppIcon;
				ASSETCATALOG_COMPILER_GLOBAL_ACCENT_COLOR_NAME = AccentColor;
				CODE_SIGN_STYLE = Automatic;
				CURRENT_PROJECT_VERSION = 1;
				DEVELOPMENT_TEAM = JWF85Z9D65;
				GENERATE_INFOPLIST_FILE = YES;
				INFOPLIST_FILE = Instagram/Info.plist;
				INFOPLIST_KEY_CFBundleDisplayName = Instagram;
				INFOPLIST_KEY_UIApplicationSupportsIndirectInputEvents = YES;
				INFOPLIST_KEY_UILaunchStoryboardName = LaunchScreen;
				INFOPLIST_KEY_UIMainStoryboardFile = LaunchScreen;
				INFOPLIST_KEY_UISupportedInterfaceOrientations = UIInterfaceOrientationPortrait;
				INFOPLIST_KEY_UISupportedInterfaceOrientations_iPad = "UIInterfaceOrientationPortrait UIInterfaceOrientationPortraitUpsideDown UIInterfaceOrientationLandscapeLeft UIInterfaceOrientationLandscapeRight";
				INFOPLIST_KEY_UISupportedInterfaceOrientations_iPhone = "UIInterfaceOrientationPortrait UIInterfaceOrientationLandscapeLeft UIInterfaceOrientationLandscapeRight";
				LD_RUNPATH_SEARCH_PATHS = (
					"$(inherited)",
					"@executable_path/Frameworks",
				);
				MARKETING_VERSION = 1.0;
				PRODUCT_BUNDLE_IDENTIFIER = com.viktoriia.Instagram;
				PRODUCT_NAME = "$(TARGET_NAME)";
				SWIFT_EMIT_LOC_STRINGS = YES;
				SWIFT_VERSION = 5.0;
				TARGETED_DEVICE_FAMILY = 1;
			};
			name = Debug;
		};
		7508BB712799A4B200735A2D /* Release */ = {
			isa = XCBuildConfiguration;
			baseConfigurationReference = 9C62943ACF147181D9350C2F /* Pods-Instagram.release.xcconfig */;
			buildSettings = {
				ASSETCATALOG_COMPILER_APPICON_NAME = AppIcon;
				ASSETCATALOG_COMPILER_GLOBAL_ACCENT_COLOR_NAME = AccentColor;
				CODE_SIGN_STYLE = Automatic;
				CURRENT_PROJECT_VERSION = 1;
				DEVELOPMENT_TEAM = JWF85Z9D65;
				GENERATE_INFOPLIST_FILE = YES;
				INFOPLIST_FILE = Instagram/Info.plist;
				INFOPLIST_KEY_CFBundleDisplayName = Instagram;
				INFOPLIST_KEY_UIApplicationSupportsIndirectInputEvents = YES;
				INFOPLIST_KEY_UILaunchStoryboardName = LaunchScreen;
				INFOPLIST_KEY_UIMainStoryboardFile = LaunchScreen;
				INFOPLIST_KEY_UISupportedInterfaceOrientations = UIInterfaceOrientationPortrait;
				INFOPLIST_KEY_UISupportedInterfaceOrientations_iPad = "UIInterfaceOrientationPortrait UIInterfaceOrientationPortraitUpsideDown UIInterfaceOrientationLandscapeLeft UIInterfaceOrientationLandscapeRight";
				INFOPLIST_KEY_UISupportedInterfaceOrientations_iPhone = "UIInterfaceOrientationPortrait UIInterfaceOrientationLandscapeLeft UIInterfaceOrientationLandscapeRight";
				LD_RUNPATH_SEARCH_PATHS = (
					"$(inherited)",
					"@executable_path/Frameworks",
				);
				MARKETING_VERSION = 1.0;
				PRODUCT_BUNDLE_IDENTIFIER = com.viktoriia.Instagram;
				PRODUCT_NAME = "$(TARGET_NAME)";
				SWIFT_EMIT_LOC_STRINGS = YES;
				SWIFT_VERSION = 5.0;
				TARGETED_DEVICE_FAMILY = 1;
			};
			name = Release;
		};
/* End XCBuildConfiguration section */

/* Begin XCConfigurationList section */
		7508BB562799A4AF00735A2D /* Build configuration list for PBXProject "Instagram" */ = {
			isa = XCConfigurationList;
			buildConfigurations = (
				7508BB6D2799A4B200735A2D /* Debug */,
				7508BB6E2799A4B200735A2D /* Release */,
			);
			defaultConfigurationIsVisible = 0;
			defaultConfigurationName = Release;
		};
		7508BB6F2799A4B200735A2D /* Build configuration list for PBXNativeTarget "Instagram" */ = {
			isa = XCConfigurationList;
			buildConfigurations = (
				7508BB702799A4B200735A2D /* Debug */,
				7508BB712799A4B200735A2D /* Release */,
			);
			defaultConfigurationIsVisible = 0;
			defaultConfigurationName = Release;
		};
/* End XCConfigurationList section */
	};
	rootObject = 7508BB532799A4AF00735A2D /* Project object */;
}
